uuid: 10b4b99d-5131-457f-ad8f-ac50677208f1
langcode: en
status: true
dependencies:
  config:
    - views.view.quarterly_foia_report_data_content_1
  module:
    - views
  theme:
    - bartik
id: views_block__quarterly_foia_report_data_block
theme: bartik
region: content
weight: 0
provider: null
plugin: 'views_block:quarterly_foia_report_data_content_1-quarterly_foia_report_data_block'
settings:
  id: 'views_block:quarterly_foia_report_data_content_1-quarterly_foia_report_data_block'
  label: ''
  provider: views
  label_display: '0'
  views_label: ''
  items_per_page: none
  context_mapping: {  }
visibility: {  }
